
Microsoft Visual Studio Solution File, Format Version 11.00
# Visual Studio 2010
Project("{FAE04EC0-301F-11D3-BF4B-00C04F79EFBC}") = "BrainBlocks", "Assembly-CSharp.csproj", "{65696B15-481C-8F83-501F-F5A14C9938F7}"
EndProject
Global
	GlobalSection(SolutionConfigurationPlatforms) = preSolution
		Debug|Any CPU = Debug|Any CPU
		Release|Any CPU = Release|Any CPU
	EndGlobalSection
	GlobalSection(ProjectConfigurationPlatforms) = postSolution
		{65696B15-481C-8F83-501F-F5A14C9938F7}.Debug|Any CPU.ActiveCfg = Debug|Any CPU
		{65696B15-481C-8F83-501F-F5A14C9938F7}.Debug|Any CPU.Build.0 = Debug|Any CPU
		{65696B15-481C-8F83-501F-F5A14C9938F7}.Release|Any CPU.ActiveCfg = Release|Any CPU
		{65696B15-481C-8F83-501F-F5A14C9938F7}.Release|Any CPU.Build.0 = Release|Any CPU
	EndGlobalSection
	GlobalSection(SolutionProperties) = preSolution
		HideSolutionNode = FALSE
	EndGlobalSection
	GlobalSection(MonoDevelopProperties) = preSolution
		StartupItem = Assembly-CSharp.csproj
	EndGlobalSection
EndGlobal
